// !$*UTF8*$!
{
	archiveVersion = 1;
	classes = {
	};
	objectVersion = 46;
	objects = {

/* Begin PBXBuildFile section */
		DC1850BC1F17E3D0000D9769 /* PlaySoundsViewController.swift in Sources */ = {isa = PBXBuildFile; fileRef = DC1850BB1F17E3D0000D9769 /* PlaySoundsViewController.swift */; };
		DC50B13B1F1D42830012A8EE /* PlaySoundsViewController+Audio.swift in Sources */ = {isa = PBXBuildFile; fileRef = DC50B13A1F1D42830012A8EE /* PlaySoundsViewController+Audio.swift */; };
		DCC0A4C51EBBC18500CA9F43 /* AppDelegate.swift in Sources */ = {isa = PBXBuildFile; fileRef = DCC0A4C41EBBC18500CA9F43 /* AppDelegate.swift */; };
		DCC0A4C71EBBC18500CA9F43 /* RecordSoundsViewController.swift in Sources */ = {isa = PBXBuildFile; fileRef = DCC0A4C61EBBC18500CA9F43 /* RecordSoundsViewController.swift */; };
		DCC0A4CA1EBBC18500CA9F43 /* Main.storyboard in Resources */ = {isa = PBXBuildFile; fileRef = DCC0A4C81EBBC18500CA9F43 /* Main.storyboard */; };
		DCC0A4CC1EBBC18500CA9F43 /* Assets.xcassets in Resources */ = {isa = PBXBuildFile; fileRef = DCC0A4CB1EBBC18500CA9F43 /* Assets.xcassets */; };
		DCC0A4CF1EBBC18500CA9F43 /* LaunchScreen.storyboard in Resources */ = {isa = PBXBuildFile; fileRef = DCC0A4CD1EBBC18500CA9F43 /* LaunchScreen.storyboard */; };
		DCC0A4DA1EBBC18500CA9F43 /* learnswift01Tests.swift in Sources */ = {isa = PBXBuildFile; fileRef = DCC0A4D91EBBC18500CA9F43 /* learnswift01Tests.swift */; };
		DCC0A4E51EBBC18600CA9F43 /* learnswift01UITests.swift in Sources */ = {isa = PBXBuildFile; fileRef = DCC0A4E41EBBC18600CA9F43 /* learnswift01UITests.swift */; };
/* End PBXBuildFile section */

/* Begin PBXContainerItemProxy section */
		DCC0A4D61EBBC18500CA9F43 /* PBXContainerItemProxy */ = {
			isa = PBXContainerItemProxy;
			containerPortal = DCC0A4B91EBBC18500CA9F43 /* Project object */;
			proxyType = 1;
			remoteGlobalIDString = DCC0A4C01EBBC18500CA9F43;
			remoteInfo = learnswift01;
		};
		DCC0A4E11EBBC18600CA9F43 /* PBXContainerItemProxy */ = {
			isa = PBXContainerItemProxy;
			containerPortal = DCC0A4B91EBBC18500CA9F43 /* Project object */;
			proxyType = 1;
			remoteGlobalIDString = DCC0A4C01EBBC18500CA9F43;
			remoteInfo = learnswift01;
		};
/* End PBXContainerItemProxy section */

/* Begin PBXFileReference section */
		DC1850BB1F17E3D0000D9769 /* PlaySoundsViewController.swift */ = {isa = PBXFileReference; fileEncoding = 4; lastKnownFileType = sourcecode.swift; path = PlaySoundsViewController.swift; sourceTree = "<group>"; };
		DC50B13A1F1D42830012A8EE /* PlaySoundsViewController+Audio.swift */ = {isa = PBXFileReference; fileEncoding = 4; lastKnownFileType = sourcecode.swift; path = "PlaySoundsViewController+Audio.swift"; sourceTree = "<group>"; };
		DCC0A4C11EBBC18500CA9F43 /* learnswift01.app */ = {isa = PBXFileReference; explicitFileType = wrapper.application; includeInIndex = 0; path = learnswift01.app; sourceTree = BUILT_PRODUCTS_DIR; };
		DCC0A4C41EBBC18500CA9F43 /* AppDelegate.swift */ = {isa = PBXFileReference; lastKnownFileType = sourcecode.swift; path = AppDelegate.swift; sourceTree = "<group>"; };
		DCC0A4C61EBBC18500CA9F43 /* RecordSoundsViewController.swift */ = {isa = PBXFileReference; lastKnownFileType = sourcecode.swift; path = RecordSoundsViewController.swift; sourceTree = "<group>"; };
		DCC0A4C91EBBC18500CA9F43 /* Base */ = {isa = PBXFileReference; lastKnownFileType = file.storyboard; name = Base; path = Base.lproj/Main.storyboard; sourceTree = "<group>"; };
		DCC0A4CB1EBBC18500CA9F43 /* Assets.xcassets */ = {isa = PBXFileReference; lastKnownFileType = folder.assetcatalog; path = Assets.xcassets; sourceTree = "<group>"; };
		DCC0A4CE1EBBC18500CA9F43 /* Base */ = {isa = PBXFileReference; lastKnownFileType = file.storyboard; name = Base; path = Base.lproj/LaunchScreen.storyboard; sourceTree = "<group>"; };
		DCC0A4D01EBBC18500CA9F43 /* Info.plist */ = {isa = PBXFileReference; lastKnownFileType = text.plist.xml; path = Info.plist; sourceTree = "<group>"; };
		DCC0A4D51EBBC18500CA9F43 /* learnswift01Tests.xctest */ = {isa = PBXFileReference; explicitFileType = wrapper.cfbundle; includeInIndex = 0; path = learnswift01Tests.xctest; sourceTree = BUILT_PRODUCTS_DIR; };
		DCC0A4D91EBBC18500CA9F43 /* learnswift01Tests.swift */ = {isa = PBXFileReference; lastKnownFileType = sourcecode.swift; path = learnswift01Tests.swift; sourceTree = "<group>"; };
		DCC0A4DB1EBBC18500CA9F43 /* Info.plist */ = {isa = PBXFileReference; lastKnownFileType = text.plist.xml; path = Info.plist; sourceTree = "<group>"; };
		DCC0A4E01EBBC18600CA9F43 /* learnswift01UITests.xctest */ = {isa = PBXFileReference; explicitFileType = wrapper.cfbundle; includeInIndex = 0; path = learnswift01UITests.xctest; sourceTree = BUILT_PRODUCTS_DIR; };
		DCC0A4E41EBBC18600CA9F43 /* learnswift01UITests.swift */ = {isa = PBXFileReference; lastKnownFileType = sourcecode.swift; path = learnswift01UITests.swift; sourceTree = "<group>"; };
		DCC0A4E61EBBC18600CA9F43 /* Info.plist */ = {isa = PBXFileReference; lastKnownFileType = text.plist.xml; path = Info.plist; sourceTree = "<group>"; };
/* End PBXFileReference section */

/* Begin PBXFrameworksBuildPhase section */
		DCC0A4BE1EBBC18500CA9F43 /* Frameworks */ = {
			isa = PBXFrameworksBuildPhase;
			buildActionMask = 2147483647;
			files = (
			);
			runOnlyForDeploymentPostprocessing = 0;
		};
		DCC0A4D21EBBC18500CA9F43 /* Frameworks */ = {
			isa = PBXFrameworksBuildPhase;
			buildActionMask = 2147483647;
			files = (
			);
			runOnlyForDeploymentPostprocessing = 0;
		};
		DCC0A4DD1EBBC18600CA9F43 /* Frameworks */ = {
			isa = PBXFrameworksBuildPhase;
			buildActionMask = 2147483647;
			files = (
			);
			runOnlyForDeploymentPostprocessing = 0;
		};
/* End PBXFrameworksBuildPhase section */

/* Begin PBXGroup section */
		DCC0A4B81EBBC18500CA9F43 = {
			isa = PBXGroup;
			children = (
				DCC0A4C31EBBC18500CA9F43 /* learnswift01 */,
				DCC0A4D81EBBC18500CA9F43 /* learnswift01Tests */,
				DCC0A4E31EBBC18600CA9F43 /* learnswift01UITests */,
				DCC0A4C21EBBC18500CA9F43 /* Products */,
			);
			sourceTree = "<group>";
		};
		DCC0A4C21EBBC18500CA9F43 /* Products */ = {
			isa = PBXGroup;
			children = (
				DCC0A4C11EBBC18500CA9F43 /* learnswift01.app */,
				DCC0A4D51EBBC18500CA9F43 /* learnswift01Tests.xctest */,
				DCC0A4E01EBBC18600CA9F43 /* learnswift01UITests.xctest */,
			);
			name = Products;
			sourceTree = "<group>";
		};
		DCC0A4C31EBBC18500CA9F43 /* learnswift01 */ = {
			isa = PBXGroup;
			children = (
				DCC0A4C41EBBC18500CA9F43 /* AppDelegate.swift */,
				DCC0A4C61EBBC18500CA9F43 /* RecordSoundsViewController.swift */,
				DCC0A4C81EBBC18500CA9F43 /* Main.storyboard */,
				DC50B13A1F1D42830012A8EE /* PlaySoundsViewController+Audio.swift */,
				DCC0A4CB1EBBC18500CA9F43 /* Assets.xcassets */,
				DCC0A4CD1EBBC18500CA9F43 /* LaunchScreen.storyboard */,
				DCC0A4D01EBBC18500CA9F43 /* Info.plist */,
				DC1850BB1F17E3D0000D9769 /* PlaySoundsViewController.swift */,
			);
			path = learnswift01;
			sourceTree = "<group>";
		};
		DCC0A4D81EBBC18500CA9F43 /* learnswift01Tests */ = {
			isa = PBXGroup;
			children = (
				DCC0A4D91EBBC18500CA9F43 /* learnswift01Tests.swift */,
				DCC0A4DB1EBBC18500CA9F43 /* Info.plist */,
			);
			path = learnswift01Tests;
			sourceTree = "<group>";
		};
		DCC0A4E31EBBC18600CA9F43 /* learnswift01UITests */ = {
			isa = PBXGroup;
			children = (
				DCC0A4E41EBBC18600CA9F43 /* learnswift01UITests.swift */,
				DCC0A4E61EBBC18600CA9F43 /* Info.plist */,
			);
			path = learnswift01UITests;
			sourceTree = "<group>";
		};
/* End PBXGroup section */

/* Begin PBXNativeTarget section */
		DCC0A4C01EBBC18500CA9F43 /* learnswift01 */ = {
			isa = PBXNativeTarget;
			buildConfigurationList = DCC0A4E91EBBC18600CA9F43 /* Build configuration list for PBXNativeTarget "learnswift01" */;
			buildPhases = (
				DCC0A4BD1EBBC18500CA9F43 /* Sources */,
				DCC0A4BE1EBBC18500CA9F43 /* Frameworks */,
				DCC0A4BF1EBBC18500CA9F43 /* Resources */,
			);
			buildRules = (
			);
			dependencies = (
			);
			name = learnswift01;
			productName = learnswift01;
			productReference = DCC0A4C11EBBC18500CA9F43 /* learnswift01.app */;
			productType = "com.apple.product-type.application";
		};
		DCC0A4D41EBBC18500CA9F43 /* learnswift01Tests */ = {
			isa = PBXNativeTarget;
			buildConfigurationList = DCC0A4EC1EBBC18600CA9F43 /* Build configuration list for PBXNativeTarget "learnswift01Tests" */;
			buildPhases = (
				DCC0A4D11EBBC18500CA9F43 /* Sources */,
				DCC0A4D21EBBC18500CA9F43 /* Frameworks */,
				DCC0A4D31EBBC18500CA9F43 /* Resources */,
			);
			buildRules = (
			);
			dependencies = (
				DCC0A4D71EBBC18500CA9F43 /* PBXTargetDependency */,
			);
			name = learnswift01Tests;
			productName = learnswift01Tests;
			productReference = DCC0A4D51EBBC18500CA9F43 /* learnswift01Tests.xctest */;
			productType = "com.apple.product-type.bundle.unit-test";
		};
		DCC0A4DF1EBBC18600CA9F43 /* learnswift01UITests */ = {
			isa = PBXNativeTarget;
			buildConfigurationList = DCC0A4EF1EBBC18600CA9F43 /* Build configuration list for PBXNativeTarget "learnswift01UITests" */;
			buildPhases = (
				DCC0A4DC1EBBC18600CA9F43 /* Sources */,
				DCC0A4DD1EBBC18600CA9F43 /* Frameworks */,
				DCC0A4DE1EBBC18600CA9F43 /* Resources */,
			);
			buildRules = (
			);
			dependencies = (
				DCC0A4E21EBBC18600CA9F43 /* PBXTargetDependency */,
			);
			name = learnswift01UITests;
			productName = learnswift01UITests;
			productReference = DCC0A4E01EBBC18600CA9F43 /* learnswift01UITests.xctest */;
			productType = "com.apple.product-type.bundle.ui-testing";
		};
/* End PBXNativeTarget section */

/* Begin PBXProject section */
		DCC0A4B91EBBC18500CA9F43 /* Project object */ = {
			isa = PBXProject;
			attributes = {
				LastSwiftUpdateCheck = 0830;
				LastUpgradeCheck = 0830;
				ORGANIZATIONNAME = "Bai Cloud Tech Co";
				TargetAttributes = {
					DCC0A4C01EBBC18500CA9F43 = {
						CreatedOnToolsVersion = 8.3.2;
						DevelopmentTeam = JV3LNY3KQ7;
						ProvisioningStyle = Automatic;
					};
					DCC0A4D41EBBC18500CA9F43 = {
						CreatedOnToolsVersion = 8.3.2;
						DevelopmentTeam = JV3LNY3KQ7;
						ProvisioningStyle = Automatic;
						TestTargetID = DCC0A4C01EBBC18500CA9F43;
					};
					DCC0A4DF1EBBC18600CA9F43 = {
						CreatedOnToolsVersion = 8.3.2;
						DevelopmentTeam = JV3LNY3KQ7;
						ProvisioningStyle = Automatic;
						TestTargetID = DCC0A4C01EBBC18500CA9F43;
					};
				};
			};
			buildConfigurationList = DCC0A4BC1EBBC18500CA9F43 /* Build configuration list for PBXProject "learnswift01" */;
			compatibilityVersion = "Xcode 3.2";
			developmentRegion = English;
			hasScannedForEncodings = 0;
			knownRegions = (
				en,
				Base,
			);
			mainGroup = DCC0A4B81EBBC18500CA9F43;
			productRefGroup = DCC0A4C21EBBC18500CA9F43 /* Products */;
			projectDirPath = "";
			projectRoot = "";
			targets = (
				DCC0A4C01EBBC18500CA9F43 /* learnswift01 */,
				DCC0A4D41EBBC18500CA9F43 /* learnswift01Tests */,
				DCC0A4DF1EBBC18600CA9F43 /* learnswift01UITests */,
			);
		};
/* End PBXProject section */

/* Begin PBXResourcesBuildPhase section */
		DCC0A4BF1EBBC18500CA9F43 /* Resources */ = {
			isa = PBXResourcesBuildPhase;
			buildActionMask = 2147483647;
			files = (
				DCC0A4CF1EBBC18500CA9F43 /* LaunchScreen.storyboard in Resources */,
				DCC0A4CC1EBBC18500CA9F43 /* Assets.xcassets in Resources */,
				DCC0A4CA1EBBC18500CA9F43 /* Main.storyboard in Resources */,
			);
			runOnlyForDeploymentPostprocessing = 0;
		};
		DCC0A4D31EBBC18500CA9F43 /* Resources */ = {
			isa = PBXResourcesBuildPhase;
			buildActionMask = 2147483647;
			files = (
			);
			runOnlyForDeploymentPostprocessing = 0;
		};
		DCC0A4DE1EBBC18600CA9F43 /* Resources */ = {
			isa = PBXResourcesBuildPhase;
			buildActionMask = 2147483647;
			files = (
			);
			runOnlyForDeploymentPostprocessing = 0;
		};
/* End PBXResourcesBuildPhase section */

/* Begin PBXSourcesBuildPhase section */
		DCC0A4BD1EBBC18500CA9F43 /* Sources */ = {
			isa = PBXSourcesBuildPhase;
			buildActionMask = 2147483647;
			files = (
				DCC0A4C71EBBC18500CA9F43 /* RecordSoundsViewController.swift in Sources */,
				DC50B13B1F1D42830012A8EE /* PlaySoundsViewController+Audio.swift in Sources */,
				DC1850BC1F17E3D0000D9769 /* PlaySoundsViewController.swift in Sources */,
				DCC0A4C51EBBC18500CA9F43 /* AppDelegate.swift in Sources */,
			);
			runOnlyForDeploymentPostprocessing = 0;
		};
		DCC0A4D11EBBC18500CA9F43 /* Sources */ = {
			isa = PBXSourcesBuildPhase;
			buildActionMask = 2147483647;
			files = (
				DCC0A4DA1EBBC18500CA9F43 /* learnswift01Tests.swift in Sources */,
			);
			runOnlyForDeploymentPostprocessing = 0;
		};
		DCC0A4DC1EBBC18600CA9F43 /* Sources */ = {
			isa = PBXSourcesBuildPhase;
			buildActionMask = 2147483647;
			files = (
				DCC0A4E51EBBC18600CA9F43 /* learnswift01UITests.swift in Sources */,
			);
			runOnlyForDeploymentPostprocessing = 0;
		};
/* End PBXSourcesBuildPhase section */

/* Begin PBXTargetDependency section */
		DCC0A4D71EBBC18500CA9F43 /* PBXTargetDependency */ = {
			isa = PBXTargetDependency;
			target = DCC0A4C01EBBC18500CA9F43 /* learnswift01 */;
			targetProxy = DCC0A4D61EBBC18500CA9F43 /* PBXContainerItemProxy */;
		};
		DCC0A4E21EBBC18600CA9F43 /* PBXTargetDependency */ = {
			isa = PBXTargetDependency;
			target = DCC0A4C01EBBC18500CA9F43 /* learnswift01 */;
			targetProxy = DCC0A4E11EBBC18600CA9F43 /* PBXContainerItemProxy */;
		};
/* End PBXTargetDependency section */

/* Begin PBXVariantGroup section */
		DCC0A4C81EBBC18500CA9F43 /* Main.storyboard */ = {
			isa = PBXVariantGroup;
			children = (
				DCC0A4C91EBBC18500CA9F43 /* Base */,
			);
			name = Main.storyboard;
			sourceTree = "<group>";
		};
		DCC0A4CD1EBBC18500CA9F43 /* LaunchScreen.storyboard */ = {
			isa = PBXVariantGroup;
			children = (
				DCC0A4CE1EBBC18500CA9F43 /* Base */,
			);
			name = LaunchScreen.storyboard;
			sourceTree = "<group>";
		};
/* End PBXVariantGroup section */

/* Begin XCBuildConfiguration section */
		DCC0A4E71EBBC18600CA9F43 /* Debug */ = {
			isa = XCBuildConfiguration;
			buildSettings = {
				ALWAYS_SEARCH_USER_PATHS = NO;
				CLANG_ANALYZER_NONNULL = YES;
				CLANG_ANALYZER_NUMBER_OBJECT_CONVERSION = YES_AGGRESSIVE;
				CLANG_CXX_LANGUAGE_STANDARD = "gnu++0x";
				CLANG_CXX_LIBRARY = "libc++";
				CLANG_ENABLE_MODULES = YES;
				CLANG_ENABLE_OBJC_ARC = YES;
				CLANG_WARN_BOOL_CONVERSION = YES;
				CLANG_WARN_CONSTANT_CONVERSION = YES;
				CLANG_WARN_DIRECT_OBJC_ISA_USAGE = YES_ERROR;
				CLANG_WARN_DOCUMENTATION_COMMENTS = YES;
				CLANG_WARN_EMPTY_BODY = YES;
				CLANG_WARN_ENUM_CONVERSION = YES;
				CLANG_WARN_INFINITE_RECURSION = YES;
				CLANG_WARN_INT_CONVERSION = YES;
				CLANG_WARN_OBJC_ROOT_CLASS = YES_ERROR;
				CLANG_WARN_SUSPICIOUS_MOVE = YES;
				CLANG_WARN_UNREACHABLE_CODE = YES;
				CLANG_WARN__DUPLICATE_METHOD_MATCH = YES;
				"CODE_SIGN_IDENTITY[sdk=iphoneos*]" = "iPhone Developer";
				COPY_PHASE_STRIP = NO;
				DEBUG_INFORMATION_FORMAT = dwarf;
				ENABLE_STRICT_OBJC_MSGSEND = YES;
				ENABLE_TESTABILITY = YES;
				GCC_C_LANGUAGE_STANDARD = gnu99;
				GCC_DYNAMIC_NO_PIC = NO;
				GCC_NO_COMMON_BLOCKS = YES;
				GCC_OPTIMIZATION_LEVEL = 0;
				GCC_PREPROCESSOR_DEFINITIONS = (
					"DEBUG=1",
					"$(inherited)",
				);
				GCC_WARN_64_TO_32_BIT_CONVERSION = YES;
				GCC_WARN_ABOUT_RETURN_TYPE = YES_ERROR;
				GCC_WARN_UNDECLARED_SELECTOR = YES;
				GCC_WARN_UNINITIALIZED_AUTOS = YES_AGGRESSIVE;
				GCC_WARN_UNUSED_FUNCTION = YES;
				GCC_WARN_UNUSED_VARIABLE = YES;
				IPHONEOS_DEPLOYMENT_TARGET = 10.3;
				MTL_ENABLE_DEBUG_INFO = YES;
				ONLY_ACTIVE_ARCH = YES;
				SDKROOT = iphoneos;
				SWIFT_ACTIVE_COMPILATION_CONDITIONS = DEBUG;
				SWIFT_OPTIMIZATION_LEVEL = "-Onone";
				TARGETED_DEVICE_FAMILY = "1,2";
			};
			name = Debug;
		};
		DCC0A4E81EBBC18600CA9F43 /* Release */ = {
			isa = XCBuildConfiguration;
			buildSettings = {
				ALWAYS_SEARCH_USER_PATHS = NO;
				CLANG_ANALYZER_NONNULL = YES;
				CLANG_ANALYZER_NUMBER_OBJECT_CONVERSION = YES_AGGRESSIVE;
				CLANG_CXX_LANGUAGE_STANDARD = "gnu++0x";
				CLANG_CXX_LIBRARY = "libc++";
				CLANG_ENABLE_MODULES = YES;
				CLANG_ENABLE_OBJC_ARC = YES;
				CLANG_WARN_BOOL_CONVERSION = YES;
				CLANG_WARN_CONSTANT_CONVERSION = YES;
				CLANG_WARN_DIRECT_OBJC_ISA_USAGE = YES_ERROR;
				CLANG_WARN_DOCUMENTATION_COMMENTS = YES;
				CLANG_WARN_EMPTY_BODY = YES;
				CLANG_WARN_ENUM_CONVERSION = YES;
				CLANG_WARN_INFINITE_RECURSION = YES;
				CLANG_WARN_INT_CONVERSION = YES;
				CLANG_WARN_OBJC_ROOT_CLASS = YES_ERROR;
				CLANG_WARN_SUSPICIOUS_MOVE = YES;
				CLANG_WARN_UNREACHABLE_CODE = YES;
				CLANG_WARN__DUPLICATE_METHOD_MATCH = YES;
				"CODE_SIGN_IDENTITY[sdk=iphoneos*]" = "iPhone Developer";
				COPY_PHASE_STRIP = NO;
				DEBUG_INFORMATION_FORMAT = "dwarf-with-dsym";
				ENABLE_NS_ASSERTIONS = NO;
				ENABLE_STRICT_OBJC_MSGSEND = YES;
				GCC_C_LANGUAGE_STANDARD = gnu99;
				GCC_NO_COMMON_BLOCKS = YES;
				GCC_WARN_64_TO_32_BIT_CONVERSION = YES;
				GCC_WARN_ABOUT_RETURN_TYPE = YES_ERROR;
				GCC_WARN_UNDECLARED_SELECTOR = YES;
				GCC_WARN_UNINITIALIZED_AUTOS = YES_AGGRESSIVE;
				GCC_WARN_UNUSED_FUNCTION = YES;
				GCC_WARN_UNUSED_VARIABLE = YES;
				IPHONEOS_DEPLOYMENT_TARGET = 10.3;
				MTL_ENABLE_DEBUG_INFO = NO;
				SDKROOT = iphoneos;
				SWIFT_OPTIMIZATION_LEVEL = "-Owholemodule";
				TARGETED_DEVICE_FAMILY = "1,2";
				VALIDATE_PRODUCT = YES;
			};
			name = Release;
		};
		DCC0A4EA1EBBC18600CA9F43 /* Debug */ = {
			isa = XCBuildConfiguration;
			buildSettings = {
				ASSETCATALOG_COMPILER_APPICON_NAME = AppIcon;
				DEVELOPMENT_TEAM = JV3LNY3KQ7;
				INFOPLIST_FILE = learnswift01/Info.plist;
				LD_RUNPATH_SEARCH_PATHS = "$(inherited) @executable_path/Frameworks";
				PRODUCT_BUNDLE_IDENTIFIER = Bai.learnswift01;
				PRODUCT_NAME = "$(TARGET_NAME)";
				SWIFT_VERSION = 3.0;
			};
			name = Debug;
		};
		DCC0A4EB1EBBC18600CA9F43 /* Release */ = {
			isa = XCBuildConfiguration;
			buildSettings = {
				ASSETCATALOG_COMPILER_APPICON_NAME = AppIcon;
				DEVELOPMENT_TEAM = JV3LNY3KQ7;
				INFOPLIST_FILE = learnswift01/Info.plist;
				LD_RUNPATH_SEARCH_PATHS = "$(inherited) @executable_path/Frameworks";
				PRODUCT_BUNDLE_IDENTIFIER = Bai.learnswift01;
				PRODUCT_NAME = "$(TARGET_NAME)";
				SWIFT_VERSION = 3.0;
			};
			name = Release;
		};
		DCC0A4ED1EBBC18600CA9F43 /* Debug */ = {
			isa = XCBuildConfiguration;
			buildSettings = {
				ALWAYS_EMBED_SWIFT_STANDARD_LIBRARIES = YES;
				BUNDLE_LOADER = "$(TEST_HOST)";
				DEVELOPMENT_TEAM = JV3LNY3KQ7;
				INFOPLIST_FILE = learnswift01Tests/Info.plist;
				LD_RUNPATH_SEARCH_PATHS = "$(inherited) @executable_path/Frameworks @loader_path/Frameworks";
				PRODUCT_BUNDLE_IDENTIFIER = Bai.learnswift01Tests;
				PRODUCT_NAME = "$(TARGET_NAME)";
				SWIFT_VERSION = 3.0;
				TEST_HOST = "$(BUILT_PRODUCTS_DIR)/learnswift01.app/learnswift01";
			};
			name = Debug;
		};
		DCC0A4EE1EBBC18600CA9F43 /* Release */ = {
			isa = XCBuildConfiguration;
			buildSettings = {
				ALWAYS_EMBED_SWIFT_STANDARD_LIBRARIES = YES;
				BUNDLE_LOADER = "$(TEST_HOST)";
				DEVELOPMENT_TEAM = JV3LNY3KQ7;
				INFOPLIST_FILE = learnswift01Tests/Info.plist;
				LD_RUNPATH_SEARCH_PATHS = "$(inherited) @executable_path/Frameworks @loader_path/Frameworks";
				PRODUCT_BUNDLE_IDENTIFIER = Bai.learnswift01Tests;
				PRODUCT_NAME = "$(TARGET_NAME)";
				SWIFT_VERSION = 3.0;
				TEST_HOST = "$(BUILT_PRODUCTS_DIR)/learnswift01.app/learnswift01";
			};
			name = Release;
		};
		DCC0A4F01EBBC18600CA9F43 /* Debug */ = {
			isa = XCBuildConfiguration;
			buildSettings = {
				ALWAYS_EMBED_SWIFT_STANDARD_LIBRARIES = YES;
				DEVELOPMENT_TEAM = JV3LNY3KQ7;
				INFOPLIST_FILE = learnswift01UITests/Info.plist;
				LD_RUNPATH_SEARCH_PATHS = "$(inherited) @executable_path/Frameworks @loader_path/Frameworks";
				PRODUCT_BUNDLE_IDENTIFIER = Bai.learnswift01UITests;
				PRODUCT_NAME = "$(TARGET_NAME)";
				SWIFT_VERSION = 3.0;
				TEST_TARGET_NAME = learnswift01;
			};
			name = Debug;
		};
		DCC0A4F11EBBC18600CA9F43 /* Release */ = {
			isa = XCBuildConfiguration;
			buildSettings = {
				ALWAYS_EMBED_SWIFT_STANDARD_LIBRARIES = YES;
				DEVELOPMENT_TEAM = JV3LNY3KQ7;
				INFOPLIST_FILE = learnswift01UITests/Info.plist;
				LD_RUNPATH_SEARCH_PATHS = "$(inherited) @executable_path/Frameworks @loader_path/Frameworks";
				PRODUCT_BUNDLE_IDENTIFIER = Bai.learnswift01UITests;
				PRODUCT_NAME = "$(TARGET_NAME)";
				SWIFT_VERSION = 3.0;
				TEST_TARGET_NAME = learnswift01;
			};
			name = Release;
		};
/* End XCBuildConfiguration section */

/* Begin XCConfigurationList section */
		DCC0A4BC1EBBC18500CA9F43 /* Build configuration list for PBXProject "learnswift01" */ = {
			isa = XCConfigurationList;
			buildConfigurations = (
				DCC0A4E71EBBC18600CA9F43 /* Debug */,
				DCC0A4E81EBBC18600CA9F43 /* Release */,
			);
			defaultConfigurationIsVisible = 0;
			defaultConfigurationName = Release;
		};
		DCC0A4E91EBBC18600CA9F43 /* Build configuration list for PBXNativeTarget "learnswift01" */ = {
			isa = XCConfigurationList;
			buildConfigurations = (
				DCC0A4EA1EBBC18600CA9F43 /* Debug */,
				DCC0A4EB1EBBC18600CA9F43 /* Release */,
			);
			defaultConfigurationIsVisible = 0;
			defaultConfigurationName = Release;
		};
		DCC0A4EC1EBBC18600CA9F43 /* Build configuration list for PBXNativeTarget "learnswift01Tests" */ = {
			isa = XCConfigurationList;
			buildConfigurations = (
				DCC0A4ED1EBBC18600CA9F43 /* Debug */,
				DCC0A4EE1EBBC18600CA9F43 /* Release */,
			);
			defaultConfigurationIsVisible = 0;
			defaultConfigurationName = Release;
		};
		DCC0A4EF1EBBC18600CA9F43 /* Build configuration list for PBXNativeTarget "learnswift01UITests" */ = {
			isa = XCConfigurationList;
			buildConfigurations = (
				DCC0A4F01EBBC18600CA9F43 /* Debug */,
				DCC0A4F11EBBC18600CA9F43 /* Release */,
			);
			defaultConfigurationIsVisible = 0;
			defaultConfigurationName = Release;
		};
/* End XCConfigurationList section */
	};
	rootObject = DCC0A4B91EBBC18500CA9F43 /* Project object */;
}
